
Microsoft Visual Studio Solution File, Format Version 12.00
# Visual Studio Version 16
VisualStudioVersion = 16.0.29519.87
MinimumVisualStudioVersion = 10.0.40219.1
Project("{9A19103F-16F7-4668-BE54-9A1E7A4F7556}") = "Monbsoft.EvolDB.Cli", "src\Monbsoft.EvolDB.Cli\Monbsoft.EvolDB.Cli.csproj", "{21E064D7-2EB9-4E62-892B-9B986F13D60F}"
EndProject
Project("{FAE04EC0-301F-11D3-BF4B-00C04F79EFBC}") = "Monbsoft.EvolDB", "src\Monbsoft.EvolDB\Monbsoft.EvolDB.csproj", "{BD3BBD18-6A88-429F-8667-7A07F2E43C50}"
EndProject
Global
	GlobalSection(SolutionConfigurationPlatforms) = preSolution
		Debug|Any CPU = Debug|Any CPU
		Release|Any CPU = Release|Any CPU
	EndGlobalSection
	GlobalSection(ProjectConfigurationPlatforms) = postSolution
		{21E064D7-2EB9-4E62-892B-9B986F13D60F}.Debug|Any CPU.ActiveCfg = Debug|Any CPU
		{21E064D7-2EB9-4E62-892B-9B986F13D60F}.Debug|Any CPU.Build.0 = Debug|Any CPU
		{21E064D7-2EB9-4E62-892B-9B986F13D60F}.Release|Any CPU.ActiveCfg = Release|Any CPU
		{21E064D7-2EB9-4E62-892B-9B986F13D60F}.Release|Any CPU.Build.0 = Release|Any CPU
		{BD3BBD18-6A88-429F-8667-7A07F2E43C50}.Debug|Any CPU.ActiveCfg = Debug|Any CPU
		{BD3BBD18-6A88-429F-8667-7A07F2E43C50}.Debug|Any CPU.Build.0 = Debug|Any CPU
		{BD3BBD18-6A88-429F-8667-7A07F2E43C50}.Release|Any CPU.ActiveCfg = Release|Any CPU
		{BD3BBD18-6A88-429F-8667-7A07F2E43C50}.Release|Any CPU.Build.0 = Release|Any CPU
	EndGlobalSection
	GlobalSection(SolutionProperties) = preSolution
		HideSolutionNode = FALSE
	EndGlobalSection
	GlobalSection(ExtensibilityGlobals) = postSolution
		SolutionGuid = {2944BD86-71E6-40BC-B2D8-0E5C7DC83145}
	EndGlobalSection
EndGlobal
