
Microsoft Visual Studio Solution File, Format Version 12.00
# Visual Studio Version 16
VisualStudioVersion = 16.0.29519.87
MinimumVisualStudioVersion = 10.0.40219.1
Project("{9A19103F-16F7-4668-BE54-9A1E7A4F7556}") = "Monbsoft.EvolDB.Cli", "src\Monbsoft.EvolDB.Cli\Monbsoft.EvolDB.Cli.csproj", "{21E064D7-2EB9-4E62-892B-9B986F13D60F}"
EndProject
Project("{9A19103F-16F7-4668-BE54-9A1E7A4F7556}") = "Monbsoft.EvolDB", "src\Monbsoft.EvolDB\Monbsoft.EvolDB.csproj", "{BD3BBD18-6A88-429F-8667-7A07F2E43C50}"
EndProject
Project("{2150E333-8FDC-42A3-9474-1A3956D46DE8}") = "test", "test", "{0C011063-3805-41BE-8BD9-AE4A0829BE44}"
EndProject
Project("{9A19103F-16F7-4668-BE54-9A1E7A4F7556}") = "Monbsoft.EvolDB.Tests", "test\Monbsoft.EvolDB.Tests\Monbsoft.EvolDB.Tests.csproj", "{1CBFBBB8-1E73-4232-8474-A22D6ED1AB6E}"
EndProject
Project("{9A19103F-16F7-4668-BE54-9A1E7A4F7556}") = "Monbsoft.Extensions.FileProviders", "src\Monbsoft.Extensions.FileProviders\Monbsoft.Extensions.FileProviders.csproj", "{7BD3A14C-9E36-4C9E-A006-1ACAA6201BA0}"
EndProject
Project("{9A19103F-16F7-4668-BE54-9A1E7A4F7556}") = "Monbsoft.Extensions.FileProviders.Abstractions", "src\Monbsoft.Extensions.FileProviders.Abstractions\Monbsoft.Extensions.FileProviders.Abstractions.csproj", "{C843C564-2162-4327-8303-7C6DEE188555}"
EndProject
Project("{9A19103F-16F7-4668-BE54-9A1E7A4F7556}") = "Monbsoft.EvolDB.Abstractions", "src\Monbsoft.EvolDB.Abstractions\Monbsoft.EvolDB.Abstractions.csproj", "{66885C45-68B4-41B4-83D5-1D096228F88A}"
EndProject
Project("{9A19103F-16F7-4668-BE54-9A1E7A4F7556}") = "Monbsoft.EvolDB.Couchbase", "src\Monbsoft.EvolDB.Couchbase\Monbsoft.EvolDB.Couchbase.csproj", "{625ACD75-49AD-4951-A313-7A580F762BA8}"
EndProject
Project("{FAE04EC0-301F-11D3-BF4B-00C04F79EFBC}") = "Monbsoft.EvolDB.SQLite", "src\Monbsoft.EvolDB.SQLite\Monbsoft.EvolDB.SQLite.csproj", "{629D3E91-AA8D-4C11-9659-6717028BC2CD}"
EndProject
Global
	GlobalSection(SolutionConfigurationPlatforms) = preSolution
		Debug|Any CPU = Debug|Any CPU
		Release|Any CPU = Release|Any CPU
	EndGlobalSection
	GlobalSection(ProjectConfigurationPlatforms) = postSolution
		{21E064D7-2EB9-4E62-892B-9B986F13D60F}.Debug|Any CPU.ActiveCfg = Debug|Any CPU
		{21E064D7-2EB9-4E62-892B-9B986F13D60F}.Debug|Any CPU.Build.0 = Debug|Any CPU
		{21E064D7-2EB9-4E62-892B-9B986F13D60F}.Release|Any CPU.ActiveCfg = Release|Any CPU
		{21E064D7-2EB9-4E62-892B-9B986F13D60F}.Release|Any CPU.Build.0 = Release|Any CPU
		{BD3BBD18-6A88-429F-8667-7A07F2E43C50}.Debug|Any CPU.ActiveCfg = Debug|Any CPU
		{BD3BBD18-6A88-429F-8667-7A07F2E43C50}.Debug|Any CPU.Build.0 = Debug|Any CPU
		{BD3BBD18-6A88-429F-8667-7A07F2E43C50}.Release|Any CPU.ActiveCfg = Release|Any CPU
		{BD3BBD18-6A88-429F-8667-7A07F2E43C50}.Release|Any CPU.Build.0 = Release|Any CPU
		{1CBFBBB8-1E73-4232-8474-A22D6ED1AB6E}.Debug|Any CPU.ActiveCfg = Debug|Any CPU
		{1CBFBBB8-1E73-4232-8474-A22D6ED1AB6E}.Debug|Any CPU.Build.0 = Debug|Any CPU
		{1CBFBBB8-1E73-4232-8474-A22D6ED1AB6E}.Release|Any CPU.ActiveCfg = Release|Any CPU
		{1CBFBBB8-1E73-4232-8474-A22D6ED1AB6E}.Release|Any CPU.Build.0 = Release|Any CPU
		{7BD3A14C-9E36-4C9E-A006-1ACAA6201BA0}.Debug|Any CPU.ActiveCfg = Debug|Any CPU
		{7BD3A14C-9E36-4C9E-A006-1ACAA6201BA0}.Debug|Any CPU.Build.0 = Debug|Any CPU
		{7BD3A14C-9E36-4C9E-A006-1ACAA6201BA0}.Release|Any CPU.ActiveCfg = Release|Any CPU
		{7BD3A14C-9E36-4C9E-A006-1ACAA6201BA0}.Release|Any CPU.Build.0 = Release|Any CPU
		{C843C564-2162-4327-8303-7C6DEE188555}.Debug|Any CPU.ActiveCfg = Debug|Any CPU
		{C843C564-2162-4327-8303-7C6DEE188555}.Debug|Any CPU.Build.0 = Debug|Any CPU
		{C843C564-2162-4327-8303-7C6DEE188555}.Release|Any CPU.ActiveCfg = Release|Any CPU
		{C843C564-2162-4327-8303-7C6DEE188555}.Release|Any CPU.Build.0 = Release|Any CPU
		{66885C45-68B4-41B4-83D5-1D096228F88A}.Debug|Any CPU.ActiveCfg = Debug|Any CPU
		{66885C45-68B4-41B4-83D5-1D096228F88A}.Debug|Any CPU.Build.0 = Debug|Any CPU
		{66885C45-68B4-41B4-83D5-1D096228F88A}.Release|Any CPU.ActiveCfg = Release|Any CPU
		{66885C45-68B4-41B4-83D5-1D096228F88A}.Release|Any CPU.Build.0 = Release|Any CPU
		{625ACD75-49AD-4951-A313-7A580F762BA8}.Debug|Any CPU.ActiveCfg = Debug|Any CPU
		{625ACD75-49AD-4951-A313-7A580F762BA8}.Debug|Any CPU.Build.0 = Debug|Any CPU
		{625ACD75-49AD-4951-A313-7A580F762BA8}.Release|Any CPU.ActiveCfg = Release|Any CPU
		{625ACD75-49AD-4951-A313-7A580F762BA8}.Release|Any CPU.Build.0 = Release|Any CPU
		{629D3E91-AA8D-4C11-9659-6717028BC2CD}.Debug|Any CPU.ActiveCfg = Debug|Any CPU
		{629D3E91-AA8D-4C11-9659-6717028BC2CD}.Debug|Any CPU.Build.0 = Debug|Any CPU
		{629D3E91-AA8D-4C11-9659-6717028BC2CD}.Release|Any CPU.ActiveCfg = Release|Any CPU
		{629D3E91-AA8D-4C11-9659-6717028BC2CD}.Release|Any CPU.Build.0 = Release|Any CPU
	EndGlobalSection
	GlobalSection(SolutionProperties) = preSolution
		HideSolutionNode = FALSE
	EndGlobalSection
	GlobalSection(NestedProjects) = preSolution
		{1CBFBBB8-1E73-4232-8474-A22D6ED1AB6E} = {0C011063-3805-41BE-8BD9-AE4A0829BE44}
	EndGlobalSection
	GlobalSection(ExtensibilityGlobals) = postSolution
		SolutionGuid = {2944BD86-71E6-40BC-B2D8-0E5C7DC83145}
	EndGlobalSection
EndGlobal
